
Microsoft Visual Studio Solution File, Format Version 12.00
# Visual Studio 14
VisualStudioVersion = 14.0.25420.1
MinimumVisualStudioVersion = 10.0.40219.1
Project("{FAE04EC0-301F-11D3-BF4B-00C04F79EFBC}") = "Particles Features Tour", "Particles Features Tour.csproj", "{3C97D434-E00C-49D2-AE6E-F6FC095E27D6}"
EndProject
Project("{FAE04EC0-301F-11D3-BF4B-00C04F79EFBC}") = "Particles Features Tour.Editor", "Particles Features Tour.Editor.csproj", "{313C9B90-1114-412F-8DB7-464CAD579BDD}"
EndProject
Global
	GlobalSection(SolutionConfigurationPlatforms) = preSolution
		Debug|Any CPU = Debug|Any CPU
		Release|Any CPU = Release|Any CPU
	EndGlobalSection
	GlobalSection(ProjectConfigurationPlatforms) = postSolution
		{3C97D434-E00C-49D2-AE6E-F6FC095E27D6}.Debug|Any CPU.ActiveCfg = Debug|Any CPU
		{3C97D434-E00C-49D2-AE6E-F6FC095E27D6}.Debug|Any CPU.Build.0 = Debug|Any CPU
		{3C97D434-E00C-49D2-AE6E-F6FC095E27D6}.Release|Any CPU.ActiveCfg = Release|Any CPU
		{3C97D434-E00C-49D2-AE6E-F6FC095E27D6}.Release|Any CPU.Build.0 = Release|Any CPU
		{313C9B90-1114-412F-8DB7-464CAD579BDD}.Debug|Any CPU.ActiveCfg = Debug|Any CPU
		{313C9B90-1114-412F-8DB7-464CAD579BDD}.Debug|Any CPU.Build.0 = Debug|Any CPU
		{313C9B90-1114-412F-8DB7-464CAD579BDD}.Release|Any CPU.ActiveCfg = Release|Any CPU
		{313C9B90-1114-412F-8DB7-464CAD579BDD}.Release|Any CPU.Build.0 = Release|Any CPU
	EndGlobalSection
	GlobalSection(SolutionProperties) = preSolution
		HideSolutionNode = FALSE
	EndGlobalSection
EndGlobal
